
Microsoft Visual Studio Solution File, Format Version 12.00
# Visual Studio Version 17
VisualStudioVersion = 17.6.33829.357
MinimumVisualStudioVersion = 10.0.40219.1
Project("{FAE04EC0-301F-11D3-BF4B-00C04F79EFBC}") = "DBenjoy", "DBenjoy\DBenjoy.csproj", "{B04F65BE-B2A5-46D7-8012-9CEDCF4C2EB7}"
EndProject
Global
	GlobalSection(SolutionConfigurationPlatforms) = preSolution
		Debug|Any CPU = Debug|Any CPU
		Release|Any CPU = Release|Any CPU
	EndGlobalSection
	GlobalSection(ProjectConfigurationPlatforms) = postSolution
		{B04F65BE-B2A5-46D7-8012-9CEDCF4C2EB7}.Debug|Any CPU.ActiveCfg = Debug|Any CPU
		{B04F65BE-B2A5-46D7-8012-9CEDCF4C2EB7}.Debug|Any CPU.Build.0 = Debug|Any CPU
		{B04F65BE-B2A5-46D7-8012-9CEDCF4C2EB7}.Release|Any CPU.ActiveCfg = Release|Any CPU
		{B04F65BE-B2A5-46D7-8012-9CEDCF4C2EB7}.Release|Any CPU.Build.0 = Release|Any CPU
	EndGlobalSection
	GlobalSection(SolutionProperties) = preSolution
		HideSolutionNode = FALSE
	EndGlobalSection
	GlobalSection(ExtensibilityGlobals) = postSolution
		SolutionGuid = {62D4B03A-6CB5-4BDE-B8C3-FB2B896B2D2A}
	EndGlobalSection
EndGlobal
